
Microsoft Visual Studio Solution File, Format Version 12.00
# Visual Studio Version 16
VisualStudioVersion = 16.0.30011.22
MinimumVisualStudioVersion = 10.0.40219.1
Project("{FAE04EC0-301F-11D3-BF4B-00C04F79EFBC}") = "files1_csharp", "files1_csharp\files1_csharp.csproj", "{5C401C41-7BF7-4ED2-9554-1796511C7B66}"
EndProject
Global
	GlobalSection(SolutionConfigurationPlatforms) = preSolution
		Debug|Any CPU = Debug|Any CPU
		Release|Any CPU = Release|Any CPU
	EndGlobalSection
	GlobalSection(ProjectConfigurationPlatforms) = postSolution
		{5C401C41-7BF7-4ED2-9554-1796511C7B66}.Debug|Any CPU.ActiveCfg = Debug|Any CPU
		{5C401C41-7BF7-4ED2-9554-1796511C7B66}.Debug|Any CPU.Build.0 = Debug|Any CPU
		{5C401C41-7BF7-4ED2-9554-1796511C7B66}.Release|Any CPU.ActiveCfg = Release|Any CPU
		{5C401C41-7BF7-4ED2-9554-1796511C7B66}.Release|Any CPU.Build.0 = Release|Any CPU
	EndGlobalSection
	GlobalSection(SolutionProperties) = preSolution
		HideSolutionNode = FALSE
	EndGlobalSection
	GlobalSection(ExtensibilityGlobals) = postSolution
		SolutionGuid = {077D22D0-B453-49D2-8E6E-2990927E1EB4}
	EndGlobalSection
EndGlobal
